
Microsoft Visual Studio Solution File, Format Version 12.00
# Visual Studio 15
VisualStudioVersion = 15.0.27703.2000
MinimumVisualStudioVersion = 10.0.40219.1
Project("{8BC9CEB8-8B4A-11D0-8D11-00A0C91BC942}") = "cjson", "cjson\cjson.vcxproj", "{861A498D-6EE7-4003-85D6-014A5856C60A}"
EndProject
Global
	GlobalSection(SolutionConfigurationPlatforms) = preSolution
		Debug|x64 = Debug|x64
		Debug|x86 = Debug|x86
		Release|x64 = Release|x64
		Release|x86 = Release|x86
	EndGlobalSection
	GlobalSection(ProjectConfigurationPlatforms) = postSolution
		{861A498D-6EE7-4003-85D6-014A5856C60A}.Debug|x64.ActiveCfg = Debug|x64
		{861A498D-6EE7-4003-85D6-014A5856C60A}.Debug|x64.Build.0 = Debug|x64
		{861A498D-6EE7-4003-85D6-014A5856C60A}.Debug|x86.ActiveCfg = Debug|Win32
		{861A498D-6EE7-4003-85D6-014A5856C60A}.Debug|x86.Build.0 = Debug|Win32
		{861A498D-6EE7-4003-85D6-014A5856C60A}.Release|x64.ActiveCfg = Release|x64
		{861A498D-6EE7-4003-85D6-014A5856C60A}.Release|x64.Build.0 = Release|x64
		{861A498D-6EE7-4003-85D6-014A5856C60A}.Release|x86.ActiveCfg = Release|Win32
		{861A498D-6EE7-4003-85D6-014A5856C60A}.Release|x86.Build.0 = Release|Win32
	EndGlobalSection
	GlobalSection(SolutionProperties) = preSolution
		HideSolutionNode = FALSE
	EndGlobalSection
	GlobalSection(ExtensibilityGlobals) = postSolution
		SolutionGuid = {C57A2F33-9438-4280-A962-2860FB1A49BD}
	EndGlobalSection
EndGlobal
